
Microsoft Visual Studio Solution File, Format Version 12.00
# Visual Studio 2012
Project("{FAE04EC0-301F-11D3-BF4B-00C04F79EFBC}") = "ThreeTierApp", "ThreeTierApp\ThreeTierApp.csproj", "{A9997BA7-18C0-495A-8AB7-42C10D076662}"
EndProject
Project("{FAE04EC0-301F-11D3-BF4B-00C04F79EFBC}") = "Company.DomainModels", "Company.DomainModels\Company.DomainModels.csproj", "{29B3FAB6-56A9-415F-856F-35A4E44431A4}"
EndProject
Project("{FAE04EC0-301F-11D3-BF4B-00C04F79EFBC}") = "Company.ReadModels", "Company.ReadModels\Company.ReadModels.csproj", "{A484DB85-8C1F-4B5E-BD3E-4D78489C37BA}"
EndProject
Project("{FAE04EC0-301F-11D3-BF4B-00C04F79EFBC}") = "Company.ViewModels", "Company.ViewModels\Company.ViewModels.csproj", "{4CC2E979-3F05-47FC-9E4E-4DD2D557F950}"
EndProject
Project("{FAE04EC0-301F-11D3-BF4B-00C04F79EFBC}") = "ConsoleApp", "ConsoleApp\ConsoleApp.csproj", "{F401F1A9-64D7-47E3-8435-055C99C5FF43}"
EndProject
Global
	GlobalSection(SolutionConfigurationPlatforms) = preSolution
		Debug|Any CPU = Debug|Any CPU
		Release|Any CPU = Release|Any CPU
	EndGlobalSection
	GlobalSection(ProjectConfigurationPlatforms) = postSolution
		{A9997BA7-18C0-495A-8AB7-42C10D076662}.Debug|Any CPU.ActiveCfg = Debug|Any CPU
		{A9997BA7-18C0-495A-8AB7-42C10D076662}.Debug|Any CPU.Build.0 = Debug|Any CPU
		{A9997BA7-18C0-495A-8AB7-42C10D076662}.Release|Any CPU.ActiveCfg = Release|Any CPU
		{A9997BA7-18C0-495A-8AB7-42C10D076662}.Release|Any CPU.Build.0 = Release|Any CPU
		{29B3FAB6-56A9-415F-856F-35A4E44431A4}.Debug|Any CPU.ActiveCfg = Debug|Any CPU
		{29B3FAB6-56A9-415F-856F-35A4E44431A4}.Debug|Any CPU.Build.0 = Debug|Any CPU
		{29B3FAB6-56A9-415F-856F-35A4E44431A4}.Release|Any CPU.ActiveCfg = Release|Any CPU
		{29B3FAB6-56A9-415F-856F-35A4E44431A4}.Release|Any CPU.Build.0 = Release|Any CPU
		{A484DB85-8C1F-4B5E-BD3E-4D78489C37BA}.Debug|Any CPU.ActiveCfg = Debug|Any CPU
		{A484DB85-8C1F-4B5E-BD3E-4D78489C37BA}.Debug|Any CPU.Build.0 = Debug|Any CPU
		{A484DB85-8C1F-4B5E-BD3E-4D78489C37BA}.Release|Any CPU.ActiveCfg = Release|Any CPU
		{A484DB85-8C1F-4B5E-BD3E-4D78489C37BA}.Release|Any CPU.Build.0 = Release|Any CPU
		{4CC2E979-3F05-47FC-9E4E-4DD2D557F950}.Debug|Any CPU.ActiveCfg = Debug|Any CPU
		{4CC2E979-3F05-47FC-9E4E-4DD2D557F950}.Debug|Any CPU.Build.0 = Debug|Any CPU
		{4CC2E979-3F05-47FC-9E4E-4DD2D557F950}.Release|Any CPU.ActiveCfg = Release|Any CPU
		{4CC2E979-3F05-47FC-9E4E-4DD2D557F950}.Release|Any CPU.Build.0 = Release|Any CPU
		{F401F1A9-64D7-47E3-8435-055C99C5FF43}.Debug|Any CPU.ActiveCfg = Debug|Any CPU
		{F401F1A9-64D7-47E3-8435-055C99C5FF43}.Debug|Any CPU.Build.0 = Debug|Any CPU
		{F401F1A9-64D7-47E3-8435-055C99C5FF43}.Release|Any CPU.ActiveCfg = Release|Any CPU
		{F401F1A9-64D7-47E3-8435-055C99C5FF43}.Release|Any CPU.Build.0 = Release|Any CPU
	EndGlobalSection
	GlobalSection(SolutionProperties) = preSolution
		HideSolutionNode = FALSE
	EndGlobalSection
EndGlobal
